
Microsoft Visual Studio Solution File, Format Version 12.00
# Visual Studio Version 17
VisualStudioVersion = 17.1.32228.430
MinimumVisualStudioVersion = 10.0.40219.1
Project("{FAE04EC0-301F-11D3-BF4B-00C04F79EFBC}") = "BlockType", "BlockType\BlockType.csproj", "{F14F7847-8D16-4C46-8EA1-E761A720EDB0}"
EndProject
Project("{FAE04EC0-301F-11D3-BF4B-00C04F79EFBC}") = "PageType", "PageType\PageType.csproj", "{56F039D0-2A31-4046-B5AE-915EAA1AD508}"
EndProject
Project("{FAE04EC0-301F-11D3-BF4B-00C04F79EFBC}") = "OptimizelyItemTemplatesPack", "ItemTemplatesPack\OptimizelyItemTemplatesPack.csproj", "{F6671F34-8BB9-462E-A7A9-DAD4B2C53559}"
EndProject
Project("{FAE04EC0-301F-11D3-BF4B-00C04F79EFBC}") = "MediaData", "MediaData\MediaData.csproj", "{3A07D1AD-6EE9-4993-8A33-6543D6F695D5}"
EndProject
Project("{FAE04EC0-301F-11D3-BF4B-00C04F79EFBC}") = "ImageData", "ImageData\ImageData.csproj", "{CED8937A-95E7-4B78-AB5C-FBB8B1EF68F4}"
EndProject
Project("{FAE04EC0-301F-11D3-BF4B-00C04F79EFBC}") = "VideoData", "VideoData\VideoData.csproj", "{5907F9B9-0A1A-49A2-ABA6-EAA00C2D1C7D}"
EndProject
Project("{FAE04EC0-301F-11D3-BF4B-00C04F79EFBC}") = "ScheduledJob", "ScheduledJob\ScheduledJob.csproj", "{E74AB00C-E9A7-48BA-A5DF-B7458CE492DA}"
EndProject
Global
	GlobalSection(SolutionConfigurationPlatforms) = preSolution
		Debug|Any CPU = Debug|Any CPU
		Debug|x86 = Debug|x86
		Release|Any CPU = Release|Any CPU
		Release|x86 = Release|x86
	EndGlobalSection
	GlobalSection(ProjectConfigurationPlatforms) = postSolution
		{F14F7847-8D16-4C46-8EA1-E761A720EDB0}.Debug|Any CPU.ActiveCfg = Debug|Any CPU
		{F14F7847-8D16-4C46-8EA1-E761A720EDB0}.Debug|Any CPU.Build.0 = Debug|Any CPU
		{F14F7847-8D16-4C46-8EA1-E761A720EDB0}.Debug|x86.ActiveCfg = Debug|x86
		{F14F7847-8D16-4C46-8EA1-E761A720EDB0}.Debug|x86.Build.0 = Debug|x86
		{F14F7847-8D16-4C46-8EA1-E761A720EDB0}.Release|Any CPU.ActiveCfg = Release|Any CPU
		{F14F7847-8D16-4C46-8EA1-E761A720EDB0}.Release|Any CPU.Build.0 = Release|Any CPU
		{F14F7847-8D16-4C46-8EA1-E761A720EDB0}.Release|x86.ActiveCfg = Release|x86
		{F14F7847-8D16-4C46-8EA1-E761A720EDB0}.Release|x86.Build.0 = Release|x86
		{56F039D0-2A31-4046-B5AE-915EAA1AD508}.Debug|Any CPU.ActiveCfg = Debug|Any CPU
		{56F039D0-2A31-4046-B5AE-915EAA1AD508}.Debug|Any CPU.Build.0 = Debug|Any CPU
		{56F039D0-2A31-4046-B5AE-915EAA1AD508}.Debug|x86.ActiveCfg = Debug|x86
		{56F039D0-2A31-4046-B5AE-915EAA1AD508}.Debug|x86.Build.0 = Debug|x86
		{56F039D0-2A31-4046-B5AE-915EAA1AD508}.Release|Any CPU.ActiveCfg = Release|Any CPU
		{56F039D0-2A31-4046-B5AE-915EAA1AD508}.Release|Any CPU.Build.0 = Release|Any CPU
		{56F039D0-2A31-4046-B5AE-915EAA1AD508}.Release|x86.ActiveCfg = Release|x86
		{56F039D0-2A31-4046-B5AE-915EAA1AD508}.Release|x86.Build.0 = Release|x86
		{F6671F34-8BB9-462E-A7A9-DAD4B2C53559}.Debug|Any CPU.ActiveCfg = Debug|Any CPU
		{F6671F34-8BB9-462E-A7A9-DAD4B2C53559}.Debug|Any CPU.Build.0 = Debug|Any CPU
		{F6671F34-8BB9-462E-A7A9-DAD4B2C53559}.Debug|x86.ActiveCfg = Debug|x86
		{F6671F34-8BB9-462E-A7A9-DAD4B2C53559}.Debug|x86.Build.0 = Debug|x86
		{F6671F34-8BB9-462E-A7A9-DAD4B2C53559}.Release|Any CPU.ActiveCfg = Release|Any CPU
		{F6671F34-8BB9-462E-A7A9-DAD4B2C53559}.Release|Any CPU.Build.0 = Release|Any CPU
		{F6671F34-8BB9-462E-A7A9-DAD4B2C53559}.Release|x86.ActiveCfg = Release|x86
		{F6671F34-8BB9-462E-A7A9-DAD4B2C53559}.Release|x86.Build.0 = Release|x86
		{3A07D1AD-6EE9-4993-8A33-6543D6F695D5}.Debug|Any CPU.ActiveCfg = Debug|Any CPU
		{3A07D1AD-6EE9-4993-8A33-6543D6F695D5}.Debug|Any CPU.Build.0 = Debug|Any CPU
		{3A07D1AD-6EE9-4993-8A33-6543D6F695D5}.Debug|x86.ActiveCfg = Debug|x86
		{3A07D1AD-6EE9-4993-8A33-6543D6F695D5}.Debug|x86.Build.0 = Debug|x86
		{3A07D1AD-6EE9-4993-8A33-6543D6F695D5}.Release|Any CPU.ActiveCfg = Release|Any CPU
		{3A07D1AD-6EE9-4993-8A33-6543D6F695D5}.Release|Any CPU.Build.0 = Release|Any CPU
		{3A07D1AD-6EE9-4993-8A33-6543D6F695D5}.Release|x86.ActiveCfg = Release|x86
		{3A07D1AD-6EE9-4993-8A33-6543D6F695D5}.Release|x86.Build.0 = Release|x86
		{CED8937A-95E7-4B78-AB5C-FBB8B1EF68F4}.Debug|Any CPU.ActiveCfg = Debug|Any CPU
		{CED8937A-95E7-4B78-AB5C-FBB8B1EF68F4}.Debug|Any CPU.Build.0 = Debug|Any CPU
		{CED8937A-95E7-4B78-AB5C-FBB8B1EF68F4}.Debug|x86.ActiveCfg = Debug|x86
		{CED8937A-95E7-4B78-AB5C-FBB8B1EF68F4}.Debug|x86.Build.0 = Debug|x86
		{CED8937A-95E7-4B78-AB5C-FBB8B1EF68F4}.Release|Any CPU.ActiveCfg = Release|Any CPU
		{CED8937A-95E7-4B78-AB5C-FBB8B1EF68F4}.Release|Any CPU.Build.0 = Release|Any CPU
		{CED8937A-95E7-4B78-AB5C-FBB8B1EF68F4}.Release|x86.ActiveCfg = Release|x86
		{CED8937A-95E7-4B78-AB5C-FBB8B1EF68F4}.Release|x86.Build.0 = Release|x86
		{5907F9B9-0A1A-49A2-ABA6-EAA00C2D1C7D}.Debug|Any CPU.ActiveCfg = Debug|Any CPU
		{5907F9B9-0A1A-49A2-ABA6-EAA00C2D1C7D}.Debug|Any CPU.Build.0 = Debug|Any CPU
		{5907F9B9-0A1A-49A2-ABA6-EAA00C2D1C7D}.Debug|x86.ActiveCfg = Debug|x86
		{5907F9B9-0A1A-49A2-ABA6-EAA00C2D1C7D}.Debug|x86.Build.0 = Debug|x86
		{5907F9B9-0A1A-49A2-ABA6-EAA00C2D1C7D}.Release|Any CPU.ActiveCfg = Release|Any CPU
		{5907F9B9-0A1A-49A2-ABA6-EAA00C2D1C7D}.Release|Any CPU.Build.0 = Release|Any CPU
		{5907F9B9-0A1A-49A2-ABA6-EAA00C2D1C7D}.Release|x86.ActiveCfg = Release|x86
		{5907F9B9-0A1A-49A2-ABA6-EAA00C2D1C7D}.Release|x86.Build.0 = Release|x86
		{E74AB00C-E9A7-48BA-A5DF-B7458CE492DA}.Debug|Any CPU.ActiveCfg = Debug|Any CPU
		{E74AB00C-E9A7-48BA-A5DF-B7458CE492DA}.Debug|Any CPU.Build.0 = Debug|Any CPU
		{E74AB00C-E9A7-48BA-A5DF-B7458CE492DA}.Debug|x86.ActiveCfg = Debug|x86
		{E74AB00C-E9A7-48BA-A5DF-B7458CE492DA}.Debug|x86.Build.0 = Debug|x86
		{E74AB00C-E9A7-48BA-A5DF-B7458CE492DA}.Release|Any CPU.ActiveCfg = Release|Any CPU
		{E74AB00C-E9A7-48BA-A5DF-B7458CE492DA}.Release|Any CPU.Build.0 = Release|Any CPU
		{E74AB00C-E9A7-48BA-A5DF-B7458CE492DA}.Release|x86.ActiveCfg = Release|x86
		{E74AB00C-E9A7-48BA-A5DF-B7458CE492DA}.Release|x86.Build.0 = Release|x86
	EndGlobalSection
	GlobalSection(SolutionProperties) = preSolution
		HideSolutionNode = FALSE
	EndGlobalSection
	GlobalSection(ExtensibilityGlobals) = postSolution
		SolutionGuid = {4AF95423-E82B-431A-A156-B87D9B21E201}
	EndGlobalSection
EndGlobal
